
Microsoft Visual Studio Solution File, Format Version 12.00
# Visual Studio 15
VisualStudioVersion = 15.0.28307.1082
MinimumVisualStudioVersion = 10.0.40219.1
Project("{FAE04EC0-301F-11D3-BF4B-00C04F79EFBC}") = "JSAT_Ver1", "JSAT\JSAT_Ver1.csproj", "{FF01546C-8C74-4411-800F-1AD879B873D7}"
EndProject
Project("{FAE04EC0-301F-11D3-BF4B-00C04F79EFBC}") = "JSAT_BL", "JSAT_BL\JSAT_BL.csproj", "{1C48C76A-E342-47E1-B61D-B623739C18C8}"
EndProject
Project("{FAE04EC0-301F-11D3-BF4B-00C04F79EFBC}") = "JSAT_Common", "JSAT_Common\JSAT_Common.csproj", "{627CADDB-6AFF-4D4D-AA31-2C433C9F9527}"
EndProject
Project("{FAE04EC0-301F-11D3-BF4B-00C04F79EFBC}") = "JSAT_DL", "JSAT_DL\JSAT_DL.csproj", "{6FA83C56-FEA3-4296-960E-273D3990CE7F}"
EndProject
Project("{FAE04EC0-301F-11D3-BF4B-00C04F79EFBC}") = "JSAT_Customer_Survey", "JSAT_Customer_Survey\JSAT_Customer_Survey.csproj", "{4236D688-2ADB-45CB-9DA6-07B2726B14A3}"
EndProject
Global
	GlobalSection(SolutionConfigurationPlatforms) = preSolution
		Debug|Any CPU = Debug|Any CPU
		Release|Any CPU = Release|Any CPU
	EndGlobalSection
	GlobalSection(ProjectConfigurationPlatforms) = postSolution
		{FF01546C-8C74-4411-800F-1AD879B873D7}.Debug|Any CPU.ActiveCfg = Debug|Any CPU
		{FF01546C-8C74-4411-800F-1AD879B873D7}.Debug|Any CPU.Build.0 = Debug|Any CPU
		{FF01546C-8C74-4411-800F-1AD879B873D7}.Release|Any CPU.ActiveCfg = Release|Any CPU
		{FF01546C-8C74-4411-800F-1AD879B873D7}.Release|Any CPU.Build.0 = Release|Any CPU
		{1C48C76A-E342-47E1-B61D-B623739C18C8}.Debug|Any CPU.ActiveCfg = Debug|Any CPU
		{1C48C76A-E342-47E1-B61D-B623739C18C8}.Debug|Any CPU.Build.0 = Debug|Any CPU
		{1C48C76A-E342-47E1-B61D-B623739C18C8}.Release|Any CPU.ActiveCfg = Release|Any CPU
		{1C48C76A-E342-47E1-B61D-B623739C18C8}.Release|Any CPU.Build.0 = Release|Any CPU
		{627CADDB-6AFF-4D4D-AA31-2C433C9F9527}.Debug|Any CPU.ActiveCfg = Debug|Any CPU
		{627CADDB-6AFF-4D4D-AA31-2C433C9F9527}.Debug|Any CPU.Build.0 = Debug|Any CPU
		{627CADDB-6AFF-4D4D-AA31-2C433C9F9527}.Release|Any CPU.ActiveCfg = Release|Any CPU
		{627CADDB-6AFF-4D4D-AA31-2C433C9F9527}.Release|Any CPU.Build.0 = Release|Any CPU
		{6FA83C56-FEA3-4296-960E-273D3990CE7F}.Debug|Any CPU.ActiveCfg = Debug|Any CPU
		{6FA83C56-FEA3-4296-960E-273D3990CE7F}.Debug|Any CPU.Build.0 = Debug|Any CPU
		{6FA83C56-FEA3-4296-960E-273D3990CE7F}.Release|Any CPU.ActiveCfg = Release|Any CPU
		{6FA83C56-FEA3-4296-960E-273D3990CE7F}.Release|Any CPU.Build.0 = Release|Any CPU
		{4236D688-2ADB-45CB-9DA6-07B2726B14A3}.Debug|Any CPU.ActiveCfg = Debug|Any CPU
		{4236D688-2ADB-45CB-9DA6-07B2726B14A3}.Debug|Any CPU.Build.0 = Debug|Any CPU
		{4236D688-2ADB-45CB-9DA6-07B2726B14A3}.Release|Any CPU.ActiveCfg = Release|Any CPU
		{4236D688-2ADB-45CB-9DA6-07B2726B14A3}.Release|Any CPU.Build.0 = Release|Any CPU
	EndGlobalSection
	GlobalSection(SolutionProperties) = preSolution
		HideSolutionNode = FALSE
	EndGlobalSection
	GlobalSection(ExtensibilityGlobals) = postSolution
		SolutionGuid = {05152A2E-D77F-46C1-835F-D0C4AF9A1408}
	EndGlobalSection
EndGlobal
